// !$*UTF8*$!
{
	archiveVersion = 1;
	classes = {
	};
	objectVersion = 54;
	objects = {

/* Begin PBXBuildFile section */
		00E356F31AD99517003FC87E /* QuoteappTests.m in Sources */ = {isa = PBXBuildFile; fileRef = 00E356F21AD99517003FC87E /* QuoteappTests.m */; };
		06B7D9A712F5448493A627D4 /* Montserrat-MediumItalic.ttf in Resources */ = {isa = PBXBuildFile; fileRef = 172F41A843F84B08A67E5E14 /* Montserrat-MediumItalic.ttf */; };
		13B07FBC1A68108700A75B9A /* AppDelegate.m in Sources */ = {isa = PBXBuildFile; fileRef = 13B07FB01A68108700A75B9A /* AppDelegate.m */; };
		13B07FBF1A68108700A75B9A /* Images.xcassets in Resources */ = {isa = PBXBuildFile; fileRef = 13B07FB51A68108700A75B9A /* Images.xcassets */; };
		13B07FC11A68108700A75B9A /* main.m in Sources */ = {isa = PBXBuildFile; fileRef = 13B07FB71A68108700A75B9A /* main.m */; };
		1A0AF41676F641BB9A5FEC3E /* Montserrat-SemiBoldItalic.ttf in Resources */ = {isa = PBXBuildFile; fileRef = 56B1611765854059B7D46263 /* Montserrat-SemiBoldItalic.ttf */; };
		1BBD84D50703491FB335BB53 /* Montserrat-Regular.ttf in Resources */ = {isa = PBXBuildFile; fileRef = BF14C60F4677438E96F9C778 /* Montserrat-Regular.ttf */; };
		32D7F6AB20714596A36D7046 /* Montserrat-BlackItalic.ttf in Resources */ = {isa = PBXBuildFile; fileRef = 6D82817E867F41769F8ACCA9 /* Montserrat-BlackItalic.ttf */; };
		3B8A3FA1F40A424EAC89EBBD /* Montserrat-Light.ttf in Resources */ = {isa = PBXBuildFile; fileRef = 5A1EB95A1E924DF4BE0D0930 /* Montserrat-Light.ttf */; };
		3F4333AB0B4A47D4B93ECE69 /* Montserrat-ExtraBold.ttf in Resources */ = {isa = PBXBuildFile; fileRef = 017F00E7A499480B83DAB3A3 /* Montserrat-ExtraBold.ttf */; };
		5535AA93E73146278EB6D014 /* Montserrat-ExtraLightItalic.ttf in Resources */ = {isa = PBXBuildFile; fileRef = 04168307167F47508539E05B /* Montserrat-ExtraLightItalic.ttf */; };
		6172F2D35A4C3AA820D92908 /* libPods-Quoteapp.a in Frameworks */ = {isa = PBXBuildFile; fileRef = 6423831EA8574132BED9D8CC /* libPods-Quoteapp.a */; };
		6C70DDD66B804ED9BC5D1944 /* Montserrat-Thin.ttf in Resources */ = {isa = PBXBuildFile; fileRef = C8C5B925DF32496389F75CE6 /* Montserrat-Thin.ttf */; };
		755A57FC9CEB4BC0930C5600 /* Montserrat-Italic.ttf in Resources */ = {isa = PBXBuildFile; fileRef = 75ACF2612994422BA325FCC4 /* Montserrat-Italic.ttf */; };
		7EF68E3733C33B6898317E18 /* libPods-Quoteapp-QuoteappTests.a in Frameworks */ = {isa = PBXBuildFile; fileRef = ABFE59519B596E51CEFDCCC0 /* libPods-Quoteapp-QuoteappTests.a */; };
		8172E26E839B47B386A8F142 /* Montserrat-ExtraLight.ttf in Resources */ = {isa = PBXBuildFile; fileRef = C0729A67DC29458EB8D94838 /* Montserrat-ExtraLight.ttf */; };
		81AB9BB82411601600AC10FF /* LaunchScreen.storyboard in Resources */ = {isa = PBXBuildFile; fileRef = 81AB9BB72411601600AC10FF /* LaunchScreen.storyboard */; };
		B438826138C7431EB88A85B9 /* Montserrat-SemiBold.ttf in Resources */ = {isa = PBXBuildFile; fileRef = 8047AD4B5446479E84C26A7C /* Montserrat-SemiBold.ttf */; };
		BA41A2FCD12C477FA5455745 /* Montserrat-ExtraBoldItalic.ttf in Resources */ = {isa = PBXBuildFile; fileRef = 137075A5FD3C4702B0552E73 /* Montserrat-ExtraBoldItalic.ttf */; };
		BCF5CFA62F0244CB8C396B64 /* Montserrat-Bold.ttf in Resources */ = {isa = PBXBuildFile; fileRef = A66A9793802B4E0D9A9AA831 /* Montserrat-Bold.ttf */; };
		D2B3A0294FCD4FE1A813AB45 /* Montserrat-Medium.ttf in Resources */ = {isa = PBXBuildFile; fileRef = 3F898D9C8B7143BCBA7DBFD9 /* Montserrat-Medium.ttf */; };
		E0F804B91DF14CC4946CBC39 /* Montserrat-Black.ttf in Resources */ = {isa = PBXBuildFile; fileRef = E773BFF09D464CD9AD7415C1 /* Montserrat-Black.ttf */; };
		E173ABC799094CB8A9411218 /* Montserrat-LightItalic.ttf in Resources */ = {isa = PBXBuildFile; fileRef = 79AE1F56EFA04A2F81D6DDF4 /* Montserrat-LightItalic.ttf */; };
		F40FB7A38543436889CE0B6F /* Montserrat-ThinItalic.ttf in Resources */ = {isa = PBXBuildFile; fileRef = 3EC64AD115E74AF89C5F7F83 /* Montserrat-ThinItalic.ttf */; };
		F98D8F0CB40D4B2B9F5288B5 /* Montserrat-BoldItalic.ttf in Resources */ = {isa = PBXBuildFile; fileRef = 75430A4E14754B0F8E3FB5E9 /* Montserrat-BoldItalic.ttf */; };
/* End PBXBuildFile section */

/* Begin PBXContainerItemProxy section */
		00E356F41AD99517003FC87E /* PBXContainerItemProxy */ = {
			isa = PBXContainerItemProxy;
			containerPortal = 83CBB9F71A601CBA00E9B192 /* Project object */;
			proxyType = 1;
			remoteGlobalIDString = 13B07F861A680F5B00A75B9A;
			remoteInfo = Quoteapp;
		};
/* End PBXContainerItemProxy section */

/* Begin PBXFileReference section */
		00E356EE1AD99517003FC87E /* QuoteappTests.xctest */ = {isa = PBXFileReference; explicitFileType = wrapper.cfbundle; includeInIndex = 0; path = QuoteappTests.xctest; sourceTree = BUILT_PRODUCTS_DIR; };
		00E356F11AD99517003FC87E /* Info.plist */ = {isa = PBXFileReference; lastKnownFileType = text.plist.xml; path = Info.plist; sourceTree = "<group>"; };
		00E356F21AD99517003FC87E /* QuoteappTests.m */ = {isa = PBXFileReference; lastKnownFileType = sourcecode.c.objc; path = QuoteappTests.m; sourceTree = "<group>"; };
		017F00E7A499480B83DAB3A3 /* Montserrat-ExtraBold.ttf */ = {isa = PBXFileReference; explicitFileType = undefined; fileEncoding = 9; includeInIndex = 0; lastKnownFileType = unknown; name = "Montserrat-ExtraBold.ttf"; path = "../assets/fonts/Montserrat-ExtraBold.ttf"; sourceTree = "<group>"; };
		04168307167F47508539E05B /* Montserrat-ExtraLightItalic.ttf */ = {isa = PBXFileReference; explicitFileType = undefined; fileEncoding = 9; includeInIndex = 0; lastKnownFileType = unknown; name = "Montserrat-ExtraLightItalic.ttf"; path = "../assets/fonts/Montserrat-ExtraLightItalic.ttf"; sourceTree = "<group>"; };
		137075A5FD3C4702B0552E73 /* Montserrat-ExtraBoldItalic.ttf */ = {isa = PBXFileReference; explicitFileType = undefined; fileEncoding = 9; includeInIndex = 0; lastKnownFileType = unknown; name = "Montserrat-ExtraBoldItalic.ttf"; path = "../assets/fonts/Montserrat-ExtraBoldItalic.ttf"; sourceTree = "<group>"; };
		13B07F961A680F5B00A75B9A /* Quoteapp.app */ = {isa = PBXFileReference; explicitFileType = wrapper.application; includeInIndex = 0; path = Quoteapp.app; sourceTree = BUILT_PRODUCTS_DIR; };
		13B07FAF1A68108700A75B9A /* AppDelegate.h */ = {isa = PBXFileReference; fileEncoding = 4; lastKnownFileType = sourcecode.c.h; name = AppDelegate.h; path = Quoteapp/AppDelegate.h; sourceTree = "<group>"; };
		13B07FB01A68108700A75B9A /* AppDelegate.m */ = {isa = PBXFileReference; fileEncoding = 4; lastKnownFileType = sourcecode.c.objc; name = AppDelegate.m; path = Quoteapp/AppDelegate.m; sourceTree = "<group>"; };
		13B07FB51A68108700A75B9A /* Images.xcassets */ = {isa = PBXFileReference; lastKnownFileType = folder.assetcatalog; name = Images.xcassets; path = Quoteapp/Images.xcassets; sourceTree = "<group>"; };
		13B07FB61A68108700A75B9A /* Info.plist */ = {isa = PBXFileReference; fileEncoding = 4; lastKnownFileType = text.plist.xml; name = Info.plist; path = Quoteapp/Info.plist; sourceTree = "<group>"; };
		13B07FB71A68108700A75B9A /* main.m */ = {isa = PBXFileReference; fileEncoding = 4; lastKnownFileType = sourcecode.c.objc; name = main.m; path = Quoteapp/main.m; sourceTree = "<group>"; };
		172F41A843F84B08A67E5E14 /* Montserrat-MediumItalic.ttf */ = {isa = PBXFileReference; explicitFileType = undefined; fileEncoding = 9; includeInIndex = 0; lastKnownFileType = unknown; name = "Montserrat-MediumItalic.ttf"; path = "../assets/fonts/Montserrat-MediumItalic.ttf"; sourceTree = "<group>"; };
		1D0AE47A65C8663E3B452821 /* Pods-Quoteapp-QuoteappTests.release.xcconfig */ = {isa = PBXFileReference; includeInIndex = 1; lastKnownFileType = text.xcconfig; name = "Pods-Quoteapp-QuoteappTests.release.xcconfig"; path = "Target Support Files/Pods-Quoteapp-QuoteappTests/Pods-Quoteapp-QuoteappTests.release.xcconfig"; sourceTree = "<group>"; };
		3EC64AD115E74AF89C5F7F83 /* Montserrat-ThinItalic.ttf */ = {isa = PBXFileReference; explicitFileType = undefined; fileEncoding = 9; includeInIndex = 0; lastKnownFileType = unknown; name = "Montserrat-ThinItalic.ttf"; path = "../assets/fonts/Montserrat-ThinItalic.ttf"; sourceTree = "<group>"; };
		3F898D9C8B7143BCBA7DBFD9 /* Montserrat-Medium.ttf */ = {isa = PBXFileReference; explicitFileType = undefined; fileEncoding = 9; includeInIndex = 0; lastKnownFileType = unknown; name = "Montserrat-Medium.ttf"; path = "../assets/fonts/Montserrat-Medium.ttf"; sourceTree = "<group>"; };
		56B1611765854059B7D46263 /* Montserrat-SemiBoldItalic.ttf */ = {isa = PBXFileReference; explicitFileType = undefined; fileEncoding = 9; includeInIndex = 0; lastKnownFileType = unknown; name = "Montserrat-SemiBoldItalic.ttf"; path = "../assets/fonts/Montserrat-SemiBoldItalic.ttf"; sourceTree = "<group>"; };
		5A1EB95A1E924DF4BE0D0930 /* Montserrat-Light.ttf */ = {isa = PBXFileReference; explicitFileType = undefined; fileEncoding = 9; includeInIndex = 0; lastKnownFileType = unknown; name = "Montserrat-Light.ttf"; path = "../assets/fonts/Montserrat-Light.ttf"; sourceTree = "<group>"; };
		6423831EA8574132BED9D8CC /* libPods-Quoteapp.a */ = {isa = PBXFileReference; explicitFileType = archive.ar; includeInIndex = 0; path = "libPods-Quoteapp.a"; sourceTree = BUILT_PRODUCTS_DIR; };
		6C97AB639B58BBB4B15BBE30 /* Pods-Quoteapp-QuoteappTests.debug.xcconfig */ = {isa = PBXFileReference; includeInIndex = 1; lastKnownFileType = text.xcconfig; name = "Pods-Quoteapp-QuoteappTests.debug.xcconfig"; path = "Target Support Files/Pods-Quoteapp-QuoteappTests/Pods-Quoteapp-QuoteappTests.debug.xcconfig"; sourceTree = "<group>"; };
		6D82817E867F41769F8ACCA9 /* Montserrat-BlackItalic.ttf */ = {isa = PBXFileReference; explicitFileType = undefined; fileEncoding = 9; includeInIndex = 0; lastKnownFileType = unknown; name = "Montserrat-BlackItalic.ttf"; path = "../assets/fonts/Montserrat-BlackItalic.ttf"; sourceTree = "<group>"; };
		75430A4E14754B0F8E3FB5E9 /* Montserrat-BoldItalic.ttf */ = {isa = PBXFileReference; explicitFileType = undefined; fileEncoding = 9; includeInIndex = 0; lastKnownFileType = unknown; name = "Montserrat-BoldItalic.ttf"; path = "../assets/fonts/Montserrat-BoldItalic.ttf"; sourceTree = "<group>"; };
		75ACF2612994422BA325FCC4 /* Montserrat-Italic.ttf */ = {isa = PBXFileReference; explicitFileType = undefined; fileEncoding = 9; includeInIndex = 0; lastKnownFileType = unknown; name = "Montserrat-Italic.ttf"; path = "../assets/fonts/Montserrat-Italic.ttf"; sourceTree = "<group>"; };
		79AE1F56EFA04A2F81D6DDF4 /* Montserrat-LightItalic.ttf */ = {isa = PBXFileReference; explicitFileType = undefined; fileEncoding = 9; includeInIndex = 0; lastKnownFileType = unknown; name = "Montserrat-LightItalic.ttf"; path = "../assets/fonts/Montserrat-LightItalic.ttf"; sourceTree = "<group>"; };
		8047AD4B5446479E84C26A7C /* Montserrat-SemiBold.ttf */ = {isa = PBXFileReference; explicitFileType = undefined; fileEncoding = 9; includeInIndex = 0; lastKnownFileType = unknown; name = "Montserrat-SemiBold.ttf"; path = "../assets/fonts/Montserrat-SemiBold.ttf"; sourceTree = "<group>"; };
		81AB9BB72411601600AC10FF /* LaunchScreen.storyboard */ = {isa = PBXFileReference; fileEncoding = 4; lastKnownFileType = file.storyboard; name = LaunchScreen.storyboard; path = Quoteapp/LaunchScreen.storyboard; sourceTree = "<group>"; };
		A66A9793802B4E0D9A9AA831 /* Montserrat-Bold.ttf */ = {isa = PBXFileReference; explicitFileType = undefined; fileEncoding = 9; includeInIndex = 0; lastKnownFileType = unknown; name = "Montserrat-Bold.ttf"; path = "../assets/fonts/Montserrat-Bold.ttf"; sourceTree = "<group>"; };
		ABFE59519B596E51CEFDCCC0 /* libPods-Quoteapp-QuoteappTests.a */ = {isa = PBXFileReference; explicitFileType = archive.ar; includeInIndex = 0; path = "libPods-Quoteapp-QuoteappTests.a"; sourceTree = BUILT_PRODUCTS_DIR; };
		BF14C60F4677438E96F9C778 /* Montserrat-Regular.ttf */ = {isa = PBXFileReference; explicitFileType = undefined; fileEncoding = 9; includeInIndex = 0; lastKnownFileType = unknown; name = "Montserrat-Regular.ttf"; path = "../assets/fonts/Montserrat-Regular.ttf"; sourceTree = "<group>"; };
		C0729A67DC29458EB8D94838 /* Montserrat-ExtraLight.ttf */ = {isa = PBXFileReference; explicitFileType = undefined; fileEncoding = 9; includeInIndex = 0; lastKnownFileType = unknown; name = "Montserrat-ExtraLight.ttf"; path = "../assets/fonts/Montserrat-ExtraLight.ttf"; sourceTree = "<group>"; };
		C0A881CF5CF3F2B244570E2A /* Pods-Quoteapp.debug.xcconfig */ = {isa = PBXFileReference; includeInIndex = 1; lastKnownFileType = text.xcconfig; name = "Pods-Quoteapp.debug.xcconfig"; path = "Target Support Files/Pods-Quoteapp/Pods-Quoteapp.debug.xcconfig"; sourceTree = "<group>"; };
		C8C5B925DF32496389F75CE6 /* Montserrat-Thin.ttf */ = {isa = PBXFileReference; explicitFileType = undefined; fileEncoding = 9; includeInIndex = 0; lastKnownFileType = unknown; name = "Montserrat-Thin.ttf"; path = "../assets/fonts/Montserrat-Thin.ttf"; sourceTree = "<group>"; };
		D00AAFFCFCFDA5787532823F /* Pods-Quoteapp.release.xcconfig */ = {isa = PBXFileReference; includeInIndex = 1; lastKnownFileType = text.xcconfig; name = "Pods-Quoteapp.release.xcconfig"; path = "Target Support Files/Pods-Quoteapp/Pods-Quoteapp.release.xcconfig"; sourceTree = "<group>"; };
		E773BFF09D464CD9AD7415C1 /* Montserrat-Black.ttf */ = {isa = PBXFileReference; explicitFileType = undefined; fileEncoding = 9; includeInIndex = 0; lastKnownFileType = unknown; name = "Montserrat-Black.ttf"; path = "../assets/fonts/Montserrat-Black.ttf"; sourceTree = "<group>"; };
		ED297162215061F000B7C4FE /* JavaScriptCore.framework */ = {isa = PBXFileReference; lastKnownFileType = wrapper.framework; name = JavaScriptCore.framework; path = System/Library/Frameworks/JavaScriptCore.framework; sourceTree = SDKROOT; };
/* End PBXFileReference section */

/* Begin PBXFrameworksBuildPhase section */
		00E356EB1AD99517003FC87E /* Frameworks */ = {
			isa = PBXFrameworksBuildPhase;
			buildActionMask = 2147483647;
			files = (
				7EF68E3733C33B6898317E18 /* libPods-Quoteapp-QuoteappTests.a in Frameworks */,
			);
			runOnlyForDeploymentPostprocessing = 0;
		};
		13B07F8C1A680F5B00A75B9A /* Frameworks */ = {
			isa = PBXFrameworksBuildPhase;
			buildActionMask = 2147483647;
			files = (
				6172F2D35A4C3AA820D92908 /* libPods-Quoteapp.a in Frameworks */,
			);
			runOnlyForDeploymentPostprocessing = 0;
		};
/* End PBXFrameworksBuildPhase section */

/* Begin PBXGroup section */
		00E356EF1AD99517003FC87E /* QuoteappTests */ = {
			isa = PBXGroup;
			children = (
				00E356F21AD99517003FC87E /* QuoteappTests.m */,
				00E356F01AD99517003FC87E /* Supporting Files */,
			);
			path = QuoteappTests;
			sourceTree = "<group>";
		};
		00E356F01AD99517003FC87E /* Supporting Files */ = {
			isa = PBXGroup;
			children = (
				00E356F11AD99517003FC87E /* Info.plist */,
			);
			name = "Supporting Files";
			sourceTree = "<group>";
		};
		13B07FAE1A68108700A75B9A /* Quoteapp */ = {
			isa = PBXGroup;
			children = (
				13B07FAF1A68108700A75B9A /* AppDelegate.h */,
				13B07FB01A68108700A75B9A /* AppDelegate.m */,
				13B07FB51A68108700A75B9A /* Images.xcassets */,
				13B07FB61A68108700A75B9A /* Info.plist */,
				81AB9BB72411601600AC10FF /* LaunchScreen.storyboard */,
				13B07FB71A68108700A75B9A /* main.m */,
			);
			name = Quoteapp;
			sourceTree = "<group>";
		};
		2D16E6871FA4F8E400B85C8A /* Frameworks */ = {
			isa = PBXGroup;
			children = (
				ED297162215061F000B7C4FE /* JavaScriptCore.framework */,
				6423831EA8574132BED9D8CC /* libPods-Quoteapp.a */,
				ABFE59519B596E51CEFDCCC0 /* libPods-Quoteapp-QuoteappTests.a */,
			);
			name = Frameworks;
			sourceTree = "<group>";
		};
		832341AE1AAA6A7D00B99B32 /* Libraries */ = {
			isa = PBXGroup;
			children = (
			);
			name = Libraries;
			sourceTree = "<group>";
		};
		83CBB9F61A601CBA00E9B192 = {
			isa = PBXGroup;
			children = (
				13B07FAE1A68108700A75B9A /* Quoteapp */,
				832341AE1AAA6A7D00B99B32 /* Libraries */,
				00E356EF1AD99517003FC87E /* QuoteappTests */,
				83CBBA001A601CBA00E9B192 /* Products */,
				2D16E6871FA4F8E400B85C8A /* Frameworks */,
				E233CBF5F47BEE60B243DCF8 /* Pods */,
				D58230BE2E2D438998FB2EA7 /* Resources */,
			);
			indentWidth = 2;
			sourceTree = "<group>";
			tabWidth = 2;
			usesTabs = 0;
		};
		83CBBA001A601CBA00E9B192 /* Products */ = {
			isa = PBXGroup;
			children = (
				13B07F961A680F5B00A75B9A /* Quoteapp.app */,
				00E356EE1AD99517003FC87E /* QuoteappTests.xctest */,
			);
			name = Products;
			sourceTree = "<group>";
		};
		D58230BE2E2D438998FB2EA7 /* Resources */ = {
			isa = PBXGroup;
			children = (
				E773BFF09D464CD9AD7415C1 /* Montserrat-Black.ttf */,
				6D82817E867F41769F8ACCA9 /* Montserrat-BlackItalic.ttf */,
				A66A9793802B4E0D9A9AA831 /* Montserrat-Bold.ttf */,
				75430A4E14754B0F8E3FB5E9 /* Montserrat-BoldItalic.ttf */,
				017F00E7A499480B83DAB3A3 /* Montserrat-ExtraBold.ttf */,
				137075A5FD3C4702B0552E73 /* Montserrat-ExtraBoldItalic.ttf */,
				C0729A67DC29458EB8D94838 /* Montserrat-ExtraLight.ttf */,
				04168307167F47508539E05B /* Montserrat-ExtraLightItalic.ttf */,
				75ACF2612994422BA325FCC4 /* Montserrat-Italic.ttf */,
				5A1EB95A1E924DF4BE0D0930 /* Montserrat-Light.ttf */,
				79AE1F56EFA04A2F81D6DDF4 /* Montserrat-LightItalic.ttf */,
				3F898D9C8B7143BCBA7DBFD9 /* Montserrat-Medium.ttf */,
				172F41A843F84B08A67E5E14 /* Montserrat-MediumItalic.ttf */,
				BF14C60F4677438E96F9C778 /* Montserrat-Regular.ttf */,
				8047AD4B5446479E84C26A7C /* Montserrat-SemiBold.ttf */,
				56B1611765854059B7D46263 /* Montserrat-SemiBoldItalic.ttf */,
				C8C5B925DF32496389F75CE6 /* Montserrat-Thin.ttf */,
				3EC64AD115E74AF89C5F7F83 /* Montserrat-ThinItalic.ttf */,
			);
			name = Resources;
			sourceTree = "<group>";
		};
		E233CBF5F47BEE60B243DCF8 /* Pods */ = {
			isa = PBXGroup;
			children = (
				C0A881CF5CF3F2B244570E2A /* Pods-Quoteapp.debug.xcconfig */,
				D00AAFFCFCFDA5787532823F /* Pods-Quoteapp.release.xcconfig */,
				6C97AB639B58BBB4B15BBE30 /* Pods-Quoteapp-QuoteappTests.debug.xcconfig */,
				1D0AE47A65C8663E3B452821 /* Pods-Quoteapp-QuoteappTests.release.xcconfig */,
			);
			path = Pods;
			sourceTree = "<group>";
		};
/* End PBXGroup section */

/* Begin PBXNativeTarget section */
		00E356ED1AD99517003FC87E /* QuoteappTests */ = {
			isa = PBXNativeTarget;
			buildConfigurationList = 00E357021AD99517003FC87E /* Build configuration list for PBXNativeTarget "QuoteappTests" */;
			buildPhases = (
				A130D646172E58E1D159D8F2 /* [CP] Check Pods Manifest.lock */,
				00E356EA1AD99517003FC87E /* Sources */,
				00E356EB1AD99517003FC87E /* Frameworks */,
				00E356EC1AD99517003FC87E /* Resources */,
				077E01280D4B4AD18B2E1770 /* [CP] Embed Pods Frameworks */,
				4E62BDF20514810D028A5FBF /* [CP] Copy Pods Resources */,
			);
			buildRules = (
			);
			dependencies = (
				00E356F51AD99517003FC87E /* PBXTargetDependency */,
			);
			name = QuoteappTests;
			productName = QuoteappTests;
			productReference = 00E356EE1AD99517003FC87E /* QuoteappTests.xctest */;
			productType = "com.apple.product-type.bundle.unit-test";
		};
		13B07F861A680F5B00A75B9A /* Quoteapp */ = {
			isa = PBXNativeTarget;
			buildConfigurationList = 13B07F931A680F5B00A75B9A /* Build configuration list for PBXNativeTarget "Quoteapp" */;
			buildPhases = (
				3E482C27206C4DEF2FE45063 /* [CP] Check Pods Manifest.lock */,
				FD10A7F022414F080027D42C /* Start Packager */,
				13B07F871A680F5B00A75B9A /* Sources */,
				13B07F8C1A680F5B00A75B9A /* Frameworks */,
				13B07F8E1A680F5B00A75B9A /* Resources */,
				00DD1BFF1BD5951E006B06BC /* Bundle React Native code and images */,
				C8AC78B0264D0F9F6F6D630E /* [CP] Embed Pods Frameworks */,
				ADC9DDC32298B72B3CF5DC8E /* [CP] Copy Pods Resources */,
			);
			buildRules = (
			);
			dependencies = (
			);
			name = Quoteapp;
			productName = Quoteapp;
			productReference = 13B07F961A680F5B00A75B9A /* Quoteapp.app */;
			productType = "com.apple.product-type.application";
		};
/* End PBXNativeTarget section */

/* Begin PBXProject section */
		83CBB9F71A601CBA00E9B192 /* Project object */ = {
			isa = PBXProject;
			attributes = {
				LastUpgradeCheck = 1210;
				TargetAttributes = {
					00E356ED1AD99517003FC87E = {
						CreatedOnToolsVersion = 6.2;
						TestTargetID = 13B07F861A680F5B00A75B9A;
					};
					13B07F861A680F5B00A75B9A = {
						LastSwiftMigration = 1120;
					};
				};
			};
			buildConfigurationList = 83CBB9FA1A601CBA00E9B192 /* Build configuration list for PBXProject "Quoteapp" */;
			compatibilityVersion = "Xcode 12.0";
			developmentRegion = en;
			hasScannedForEncodings = 0;
			knownRegions = (
				en,
				Base,
			);
			mainGroup = 83CBB9F61A601CBA00E9B192;
			productRefGroup = 83CBBA001A601CBA00E9B192 /* Products */;
			projectDirPath = "";
			projectRoot = "";
			targets = (
				13B07F861A680F5B00A75B9A /* Quoteapp */,
				00E356ED1AD99517003FC87E /* QuoteappTests */,
			);
		};
/* End PBXProject section */

/* Begin PBXResourcesBuildPhase section */
		00E356EC1AD99517003FC87E /* Resources */ = {
			isa = PBXResourcesBuildPhase;
			buildActionMask = 2147483647;
			files = (
			);
			runOnlyForDeploymentPostprocessing = 0;
		};
		13B07F8E1A680F5B00A75B9A /* Resources */ = {
			isa = PBXResourcesBuildPhase;
			buildActionMask = 2147483647;
			files = (
				81AB9BB82411601600AC10FF /* LaunchScreen.storyboard in Resources */,
				13B07FBF1A68108700A75B9A /* Images.xcassets in Resources */,
				E0F804B91DF14CC4946CBC39 /* Montserrat-Black.ttf in Resources */,
				32D7F6AB20714596A36D7046 /* Montserrat-BlackItalic.ttf in Resources */,
				BCF5CFA62F0244CB8C396B64 /* Montserrat-Bold.ttf in Resources */,
				F98D8F0CB40D4B2B9F5288B5 /* Montserrat-BoldItalic.ttf in Resources */,
				3F4333AB0B4A47D4B93ECE69 /* Montserrat-ExtraBold.ttf in Resources */,
				BA41A2FCD12C477FA5455745 /* Montserrat-ExtraBoldItalic.ttf in Resources */,
				8172E26E839B47B386A8F142 /* Montserrat-ExtraLight.ttf in Resources */,
				5535AA93E73146278EB6D014 /* Montserrat-ExtraLightItalic.ttf in Resources */,
				755A57FC9CEB4BC0930C5600 /* Montserrat-Italic.ttf in Resources */,
				3B8A3FA1F40A424EAC89EBBD /* Montserrat-Light.ttf in Resources */,
				E173ABC799094CB8A9411218 /* Montserrat-LightItalic.ttf in Resources */,
				D2B3A0294FCD4FE1A813AB45 /* Montserrat-Medium.ttf in Resources */,
				06B7D9A712F5448493A627D4 /* Montserrat-MediumItalic.ttf in Resources */,
				1BBD84D50703491FB335BB53 /* Montserrat-Regular.ttf in Resources */,
				B438826138C7431EB88A85B9 /* Montserrat-SemiBold.ttf in Resources */,
				1A0AF41676F641BB9A5FEC3E /* Montserrat-SemiBoldItalic.ttf in Resources */,
				6C70DDD66B804ED9BC5D1944 /* Montserrat-Thin.ttf in Resources */,
				F40FB7A38543436889CE0B6F /* Montserrat-ThinItalic.ttf in Resources */,
			);
			runOnlyForDeploymentPostprocessing = 0;
		};
/* End PBXResourcesBuildPhase section */

/* Begin PBXShellScriptBuildPhase section */
		00DD1BFF1BD5951E006B06BC /* Bundle React Native code and images */ = {
			isa = PBXShellScriptBuildPhase;
			buildActionMask = 2147483647;
			files = (
			);
			inputPaths = (
			);
			name = "Bundle React Native code and images";
			outputPaths = (
			);
			runOnlyForDeploymentPostprocessing = 0;
			shellPath = /bin/sh;
			shellScript = "set -e\n\nexport NODE_BINARY=node\n../node_modules/react-native/scripts/react-native-xcode.sh\n";
		};
		077E01280D4B4AD18B2E1770 /* [CP] Embed Pods Frameworks */ = {
			isa = PBXShellScriptBuildPhase;
			buildActionMask = 2147483647;
			files = (
			);
			inputFileListPaths = (
				"${PODS_ROOT}/Target Support Files/Pods-Quoteapp-QuoteappTests/Pods-Quoteapp-QuoteappTests-frameworks-${CONFIGURATION}-input-files.xcfilelist",
			);
			name = "[CP] Embed Pods Frameworks";
			outputFileListPaths = (
				"${PODS_ROOT}/Target Support Files/Pods-Quoteapp-QuoteappTests/Pods-Quoteapp-QuoteappTests-frameworks-${CONFIGURATION}-output-files.xcfilelist",
			);
			runOnlyForDeploymentPostprocessing = 0;
			shellPath = /bin/sh;
			shellScript = "\"${PODS_ROOT}/Target Support Files/Pods-Quoteapp-QuoteappTests/Pods-Quoteapp-QuoteappTests-frameworks.sh\"\n";
			showEnvVarsInLog = 0;
		};
		3E482C27206C4DEF2FE45063 /* [CP] Check Pods Manifest.lock */ = {
			isa = PBXShellScriptBuildPhase;
			buildActionMask = 2147483647;
			files = (
			);
			inputFileListPaths = (
			);
			inputPaths = (
				"${PODS_PODFILE_DIR_PATH}/Podfile.lock",
				"${PODS_ROOT}/Manifest.lock",
			);
			name = "[CP] Check Pods Manifest.lock";
			outputFileListPaths = (
			);
			outputPaths = (
				"$(DERIVED_FILE_DIR)/Pods-Quoteapp-checkManifestLockResult.txt",
			);
			runOnlyForDeploymentPostprocessing = 0;
			shellPath = /bin/sh;
			shellScript = "diff \"${PODS_PODFILE_DIR_PATH}/Podfile.lock\" \"${PODS_ROOT}/Manifest.lock\" > /dev/null\nif [ $? != 0 ] ; then\n    # print error to STDERR\n    echo \"error: The sandbox is not in sync with the Podfile.lock. Run 'pod install' or update your CocoaPods installation.\" >&2\n    exit 1\nfi\n# This output is used by Xcode 'outputs' to avoid re-running this script phase.\necho \"SUCCESS\" > \"${SCRIPT_OUTPUT_FILE_0}\"\n";
			showEnvVarsInLog = 0;
		};
		4E62BDF20514810D028A5FBF /* [CP] Copy Pods Resources */ = {
			isa = PBXShellScriptBuildPhase;
			buildActionMask = 2147483647;
			files = (
			);
			inputFileListPaths = (
				"${PODS_ROOT}/Target Support Files/Pods-Quoteapp-QuoteappTests/Pods-Quoteapp-QuoteappTests-resources-${CONFIGURATION}-input-files.xcfilelist",
			);
			name = "[CP] Copy Pods Resources";
			outputFileListPaths = (
				"${PODS_ROOT}/Target Support Files/Pods-Quoteapp-QuoteappTests/Pods-Quoteapp-QuoteappTests-resources-${CONFIGURATION}-output-files.xcfilelist",
			);
			runOnlyForDeploymentPostprocessing = 0;
			shellPath = /bin/sh;
			shellScript = "\"${PODS_ROOT}/Target Support Files/Pods-Quoteapp-QuoteappTests/Pods-Quoteapp-QuoteappTests-resources.sh\"\n";
			showEnvVarsInLog = 0;
		};
		A130D646172E58E1D159D8F2 /* [CP] Check Pods Manifest.lock */ = {
			isa = PBXShellScriptBuildPhase;
			buildActionMask = 2147483647;
			files = (
			);
			inputFileListPaths = (
			);
			inputPaths = (
				"${PODS_PODFILE_DIR_PATH}/Podfile.lock",
				"${PODS_ROOT}/Manifest.lock",
			);
			name = "[CP] Check Pods Manifest.lock";
			outputFileListPaths = (
			);
			outputPaths = (
				"$(DERIVED_FILE_DIR)/Pods-Quoteapp-QuoteappTests-checkManifestLockResult.txt",
			);
			runOnlyForDeploymentPostprocessing = 0;
			shellPath = /bin/sh;
			shellScript = "diff \"${PODS_PODFILE_DIR_PATH}/Podfile.lock\" \"${PODS_ROOT}/Manifest.lock\" > /dev/null\nif [ $? != 0 ] ; then\n    # print error to STDERR\n    echo \"error: The sandbox is not in sync with the Podfile.lock. Run 'pod install' or update your CocoaPods installation.\" >&2\n    exit 1\nfi\n# This output is used by Xcode 'outputs' to avoid re-running this script phase.\necho \"SUCCESS\" > \"${SCRIPT_OUTPUT_FILE_0}\"\n";
			showEnvVarsInLog = 0;
		};
		ADC9DDC32298B72B3CF5DC8E /* [CP] Copy Pods Resources */ = {
			isa = PBXShellScriptBuildPhase;
			buildActionMask = 2147483647;
			files = (
			);
			inputFileListPaths = (
				"${PODS_ROOT}/Target Support Files/Pods-Quoteapp/Pods-Quoteapp-resources-${CONFIGURATION}-input-files.xcfilelist",
			);
			name = "[CP] Copy Pods Resources";
			outputFileListPaths = (
				"${PODS_ROOT}/Target Support Files/Pods-Quoteapp/Pods-Quoteapp-resources-${CONFIGURATION}-output-files.xcfilelist",
			);
			runOnlyForDeploymentPostprocessing = 0;
			shellPath = /bin/sh;
			shellScript = "\"${PODS_ROOT}/Target Support Files/Pods-Quoteapp/Pods-Quoteapp-resources.sh\"\n";
			showEnvVarsInLog = 0;
		};
		C8AC78B0264D0F9F6F6D630E /* [CP] Embed Pods Frameworks */ = {
			isa = PBXShellScriptBuildPhase;
			buildActionMask = 2147483647;
			files = (
			);
			inputFileListPaths = (
				"${PODS_ROOT}/Target Support Files/Pods-Quoteapp/Pods-Quoteapp-frameworks-${CONFIGURATION}-input-files.xcfilelist",
			);
			name = "[CP] Embed Pods Frameworks";
			outputFileListPaths = (
				"${PODS_ROOT}/Target Support Files/Pods-Quoteapp/Pods-Quoteapp-frameworks-${CONFIGURATION}-output-files.xcfilelist",
			);
			runOnlyForDeploymentPostprocessing = 0;
			shellPath = /bin/sh;
			shellScript = "\"${PODS_ROOT}/Target Support Files/Pods-Quoteapp/Pods-Quoteapp-frameworks.sh\"\n";
			showEnvVarsInLog = 0;
		};
		FD10A7F022414F080027D42C /* Start Packager */ = {
			isa = PBXShellScriptBuildPhase;
			buildActionMask = 2147483647;
			files = (
			);
			inputFileListPaths = (
			);
			inputPaths = (
			);
			name = "Start Packager";
			outputFileListPaths = (
			);
			outputPaths = (
			);
			runOnlyForDeploymentPostprocessing = 0;
			shellPath = /bin/sh;
			shellScript = "export RCT_METRO_PORT=\"${RCT_METRO_PORT:=8081}\"\necho \"export RCT_METRO_PORT=${RCT_METRO_PORT}\" > \"${SRCROOT}/../node_modules/react-native/scripts/.packager.env\"\nif [ -z \"${RCT_NO_LAUNCH_PACKAGER+xxx}\" ] ; then\n  if nc -w 5 -z localhost ${RCT_METRO_PORT} ; then\n    if ! curl -s \"http://localhost:${RCT_METRO_PORT}/status\" | grep -q \"packager-status:running\" ; then\n      echo \"Port ${RCT_METRO_PORT} already in use, packager is either not running or not running correctly\"\n      exit 2\n    fi\n  else\n    open \"$SRCROOT/../node_modules/react-native/scripts/launchPackager.command\" || echo \"Can't start packager automatically\"\n  fi\nfi\n";
			showEnvVarsInLog = 0;
		};
/* End PBXShellScriptBuildPhase section */

/* Begin PBXSourcesBuildPhase section */
		00E356EA1AD99517003FC87E /* Sources */ = {
			isa = PBXSourcesBuildPhase;
			buildActionMask = 2147483647;
			files = (
				00E356F31AD99517003FC87E /* QuoteappTests.m in Sources */,
			);
			runOnlyForDeploymentPostprocessing = 0;
		};
		13B07F871A680F5B00A75B9A /* Sources */ = {
			isa = PBXSourcesBuildPhase;
			buildActionMask = 2147483647;
			files = (
				13B07FBC1A68108700A75B9A /* AppDelegate.m in Sources */,
				13B07FC11A68108700A75B9A /* main.m in Sources */,
			);
			runOnlyForDeploymentPostprocessing = 0;
		};
/* End PBXSourcesBuildPhase section */

/* Begin PBXTargetDependency section */
		00E356F51AD99517003FC87E /* PBXTargetDependency */ = {
			isa = PBXTargetDependency;
			target = 13B07F861A680F5B00A75B9A /* Quoteapp */;
			targetProxy = 00E356F41AD99517003FC87E /* PBXContainerItemProxy */;
		};
/* End PBXTargetDependency section */

/* Begin XCBuildConfiguration section */
		00E356F61AD99517003FC87E /* Debug */ = {
			isa = XCBuildConfiguration;
			baseConfigurationReference = 6C97AB639B58BBB4B15BBE30 /* Pods-Quoteapp-QuoteappTests.debug.xcconfig */;
			buildSettings = {
				BUNDLE_LOADER = "$(TEST_HOST)";
				GCC_PREPROCESSOR_DEFINITIONS = (
					"DEBUG=1",
					"$(inherited)",
				);
				INFOPLIST_FILE = QuoteappTests/Info.plist;
				IPHONEOS_DEPLOYMENT_TARGET = 11.0;
				LD_RUNPATH_SEARCH_PATHS = (
					"$(inherited)",
					"@executable_path/Frameworks",
					"@loader_path/Frameworks",
				);
				OTHER_LDFLAGS = (
					"-ObjC",
					"-lc++",
					"$(inherited)",
				);
				PRODUCT_BUNDLE_IDENTIFIER = "org.reactjs.native.example.$(PRODUCT_NAME:rfc1034identifier)";
				PRODUCT_NAME = "$(TARGET_NAME)";
				TEST_HOST = "$(BUILT_PRODUCTS_DIR)/Quoteapp.app/Quoteapp";
			};
			name = Debug;
		};
		00E356F71AD99517003FC87E /* Release */ = {
			isa = XCBuildConfiguration;
			baseConfigurationReference = 1D0AE47A65C8663E3B452821 /* Pods-Quoteapp-QuoteappTests.release.xcconfig */;
			buildSettings = {
				BUNDLE_LOADER = "$(TEST_HOST)";
				COPY_PHASE_STRIP = NO;
				INFOPLIST_FILE = QuoteappTests/Info.plist;
				IPHONEOS_DEPLOYMENT_TARGET = 11.0;
				LD_RUNPATH_SEARCH_PATHS = (
					"$(inherited)",
					"@executable_path/Frameworks",
					"@loader_path/Frameworks",
				);
				OTHER_LDFLAGS = (
					"-ObjC",
					"-lc++",
					"$(inherited)",
				);
				PRODUCT_BUNDLE_IDENTIFIER = "org.reactjs.native.example.$(PRODUCT_NAME:rfc1034identifier)";
				PRODUCT_NAME = "$(TARGET_NAME)";
				TEST_HOST = "$(BUILT_PRODUCTS_DIR)/Quoteapp.app/Quoteapp";
			};
			name = Release;
		};
		13B07F941A680F5B00A75B9A /* Debug */ = {
			isa = XCBuildConfiguration;
			baseConfigurationReference = C0A881CF5CF3F2B244570E2A /* Pods-Quoteapp.debug.xcconfig */;
			buildSettings = {
				ASSETCATALOG_COMPILER_APPICON_NAME = AppIcon;
				CLANG_ENABLE_MODULES = YES;
				CURRENT_PROJECT_VERSION = 1;
				ENABLE_BITCODE = NO;
				EXCLUDED_ARCHS = "";
				INFOPLIST_FILE = Quoteapp/Info.plist;
				LD_RUNPATH_SEARCH_PATHS = (
					"$(inherited)",
					"@executable_path/Frameworks",
				);
				OTHER_LDFLAGS = (
					"$(inherited)",
					"-ObjC",
					"-lc++",
				);
				PRODUCT_BUNDLE_IDENTIFIER = "org.reactjs.native.example.$(PRODUCT_NAME:rfc1034identifier)";
				PRODUCT_NAME = Quoteapp;
				SWIFT_OPTIMIZATION_LEVEL = "-Onone";
				SWIFT_VERSION = 5.0;
				VERSIONING_SYSTEM = "apple-generic";
			};
			name = Debug;
		};
		13B07F951A680F5B00A75B9A /* Release */ = {
			isa = XCBuildConfiguration;
			baseConfigurationReference = D00AAFFCFCFDA5787532823F /* Pods-Quoteapp.release.xcconfig */;
			buildSettings = {
				ASSETCATALOG_COMPILER_APPICON_NAME = AppIcon;
				CLANG_ENABLE_MODULES = YES;
				CURRENT_PROJECT_VERSION = 1;
				EXCLUDED_ARCHS = "";
				INFOPLIST_FILE = Quoteapp/Info.plist;
				LD_RUNPATH_SEARCH_PATHS = (
					"$(inherited)",
					"@executable_path/Frameworks",
				);
				OTHER_LDFLAGS = (
					"$(inherited)",
					"-ObjC",
					"-lc++",
				);
				PRODUCT_BUNDLE_IDENTIFIER = "org.reactjs.native.example.$(PRODUCT_NAME:rfc1034identifier)";
				PRODUCT_NAME = Quoteapp;
				SWIFT_VERSION = 5.0;
				VERSIONING_SYSTEM = "apple-generic";
			};
			name = Release;
		};
		83CBBA201A601CBA00E9B192 /* Debug */ = {
			isa = XCBuildConfiguration;
			buildSettings = {
				ALWAYS_SEARCH_USER_PATHS = NO;
				CLANG_ANALYZER_LOCALIZABILITY_NONLOCALIZED = YES;
				CLANG_CXX_LANGUAGE_STANDARD = "gnu++0x";
				CLANG_CXX_LIBRARY = "libc++";
				CLANG_ENABLE_MODULES = YES;
				CLANG_ENABLE_OBJC_ARC = YES;
				CLANG_WARN_BLOCK_CAPTURE_AUTORELEASING = YES;
				CLANG_WARN_BOOL_CONVERSION = YES;
				CLANG_WARN_COMMA = YES;
				CLANG_WARN_CONSTANT_CONVERSION = YES;
				CLANG_WARN_DEPRECATED_OBJC_IMPLEMENTATIONS = YES;
				CLANG_WARN_DIRECT_OBJC_ISA_USAGE = YES_ERROR;
				CLANG_WARN_EMPTY_BODY = YES;
				CLANG_WARN_ENUM_CONVERSION = YES;
				CLANG_WARN_INFINITE_RECURSION = YES;
				CLANG_WARN_INT_CONVERSION = YES;
				CLANG_WARN_NON_LITERAL_NULL_CONVERSION = YES;
				CLANG_WARN_OBJC_IMPLICIT_RETAIN_SELF = YES;
				CLANG_WARN_OBJC_LITERAL_CONVERSION = YES;
				CLANG_WARN_OBJC_ROOT_CLASS = YES_ERROR;
				CLANG_WARN_QUOTED_INCLUDE_IN_FRAMEWORK_HEADER = YES;
				CLANG_WARN_RANGE_LOOP_ANALYSIS = YES;
				CLANG_WARN_STRICT_PROTOTYPES = YES;
				CLANG_WARN_SUSPICIOUS_MOVE = YES;
				CLANG_WARN_UNREACHABLE_CODE = YES;
				CLANG_WARN__DUPLICATE_METHOD_MATCH = YES;
				"CODE_SIGN_IDENTITY[sdk=iphoneos*]" = "iPhone Developer";
				COPY_PHASE_STRIP = NO;
				ENABLE_STRICT_OBJC_MSGSEND = YES;
				ENABLE_TESTABILITY = YES;
				EXCLUDED_ARCHS = "";
				"EXCLUDED_ARCHS[sdk=iphonesimulator*]" = "";
				GCC_C_LANGUAGE_STANDARD = gnu99;
				GCC_DYNAMIC_NO_PIC = NO;
				GCC_NO_COMMON_BLOCKS = YES;
				GCC_OPTIMIZATION_LEVEL = 0;
				GCC_PREPROCESSOR_DEFINITIONS = (
					"DEBUG=1",
					"$(inherited)",
				);
				GCC_SYMBOLS_PRIVATE_EXTERN = NO;
				GCC_WARN_64_TO_32_BIT_CONVERSION = YES;
				GCC_WARN_ABOUT_RETURN_TYPE = YES_ERROR;
				GCC_WARN_UNDECLARED_SELECTOR = YES;
				GCC_WARN_UNINITIALIZED_AUTOS = YES_AGGRESSIVE;
				GCC_WARN_UNUSED_FUNCTION = YES;
				GCC_WARN_UNUSED_VARIABLE = YES;
				IPHONEOS_DEPLOYMENT_TARGET = 11.0;
				LD_RUNPATH_SEARCH_PATHS = (
					/usr/lib/swift,
					"$(inherited)",
				);
				LIBRARY_SEARCH_PATHS = (
					"\"$(SDKROOT)/usr/lib/swift\"",
					"\"$(TOOLCHAIN_DIR)/usr/lib/swift/$(PLATFORM_NAME)\"",
					"\"$(inherited)\"",
				);
				MTL_ENABLE_DEBUG_INFO = YES;
				ONLY_ACTIVE_ARCH = YES;
				SDKROOT = iphoneos;
			};
			name = Debug;
		};
		83CBBA211A601CBA00E9B192 /* Release */ = {
			isa = XCBuildConfiguration;
			buildSettings = {
				ALWAYS_SEARCH_USER_PATHS = NO;
				CLANG_ANALYZER_LOCALIZABILITY_NONLOCALIZED = YES;
				CLANG_CXX_LANGUAGE_STANDARD = "gnu++0x";
				CLANG_CXX_LIBRARY = "libc++";
				CLANG_ENABLE_MODULES = YES;
				CLANG_ENABLE_OBJC_ARC = YES;
				CLANG_WARN_BLOCK_CAPTURE_AUTORELEASING = YES;
				CLANG_WARN_BOOL_CONVERSION = YES;
				CLANG_WARN_COMMA = YES;
				CLANG_WARN_CONSTANT_CONVERSION = YES;
				CLANG_WARN_DEPRECATED_OBJC_IMPLEMENTATIONS = YES;
				CLANG_WARN_DIRECT_OBJC_ISA_USAGE = YES_ERROR;
				CLANG_WARN_EMPTY_BODY = YES;
				CLANG_WARN_ENUM_CONVERSION = YES;
				CLANG_WARN_INFINITE_RECURSION = YES;
				CLANG_WARN_INT_CONVERSION = YES;
				CLANG_WARN_NON_LITERAL_NULL_CONVERSION = YES;
				CLANG_WARN_OBJC_IMPLICIT_RETAIN_SELF = YES;
				CLANG_WARN_OBJC_LITERAL_CONVERSION = YES;
				CLANG_WARN_OBJC_ROOT_CLASS = YES_ERROR;
				CLANG_WARN_QUOTED_INCLUDE_IN_FRAMEWORK_HEADER = YES;
				CLANG_WARN_RANGE_LOOP_ANALYSIS = YES;
				CLANG_WARN_STRICT_PROTOTYPES = YES;
				CLANG_WARN_SUSPICIOUS_MOVE = YES;
				CLANG_WARN_UNREACHABLE_CODE = YES;
				CLANG_WARN__DUPLICATE_METHOD_MATCH = YES;
				"CODE_SIGN_IDENTITY[sdk=iphoneos*]" = "iPhone Developer";
				COPY_PHASE_STRIP = YES;
				ENABLE_NS_ASSERTIONS = NO;
				ENABLE_STRICT_OBJC_MSGSEND = YES;
				EXCLUDED_ARCHS = "";
				"EXCLUDED_ARCHS[sdk=iphonesimulator*]" = "";
				GCC_C_LANGUAGE_STANDARD = gnu99;
				GCC_NO_COMMON_BLOCKS = YES;
				GCC_WARN_64_TO_32_BIT_CONVERSION = YES;
				GCC_WARN_ABOUT_RETURN_TYPE = YES_ERROR;
				GCC_WARN_UNDECLARED_SELECTOR = YES;
				GCC_WARN_UNINITIALIZED_AUTOS = YES_AGGRESSIVE;
				GCC_WARN_UNUSED_FUNCTION = YES;
				GCC_WARN_UNUSED_VARIABLE = YES;
				IPHONEOS_DEPLOYMENT_TARGET = 11.0;
				LD_RUNPATH_SEARCH_PATHS = (
					/usr/lib/swift,
					"$(inherited)",
				);
				LIBRARY_SEARCH_PATHS = (
					"\"$(SDKROOT)/usr/lib/swift\"",
					"\"$(TOOLCHAIN_DIR)/usr/lib/swift/$(PLATFORM_NAME)\"",
					"\"$(inherited)\"",
				);
				MTL_ENABLE_DEBUG_INFO = NO;
				SDKROOT = iphoneos;
				VALIDATE_PRODUCT = YES;
			};
			name = Release;
		};
/* End XCBuildConfiguration section */

/* Begin XCConfigurationList section */
		00E357021AD99517003FC87E /* Build configuration list for PBXNativeTarget "QuoteappTests" */ = {
			isa = XCConfigurationList;
			buildConfigurations = (
				00E356F61AD99517003FC87E /* Debug */,
				00E356F71AD99517003FC87E /* Release */,
			);
			defaultConfigurationIsVisible = 0;
			defaultConfigurationName = Release;
		};
		13B07F931A680F5B00A75B9A /* Build configuration list for PBXNativeTarget "Quoteapp" */ = {
			isa = XCConfigurationList;
			buildConfigurations = (
				13B07F941A680F5B00A75B9A /* Debug */,
				13B07F951A680F5B00A75B9A /* Release */,
			);
			defaultConfigurationIsVisible = 0;
			defaultConfigurationName = Release;
		};
		83CBB9FA1A601CBA00E9B192 /* Build configuration list for PBXProject "Quoteapp" */ = {
			isa = XCConfigurationList;
			buildConfigurations = (
				83CBBA201A601CBA00E9B192 /* Debug */,
				83CBBA211A601CBA00E9B192 /* Release */,
			);
			defaultConfigurationIsVisible = 0;
			defaultConfigurationName = Release;
		};
/* End XCConfigurationList section */
	};
	rootObject = 83CBB9F71A601CBA00E9B192 /* Project object */;
}
